
Microsoft Visual Studio Solution File, Format Version 12.00
# Visual Studio Version 16
VisualStudioVersion = 16.0.31424.327
MinimumVisualStudioVersion = 10.0.40219.1
Project("{FAE04EC0-301F-11D3-BF4B-00C04F79EFBC}") = "PayrollJSON-Test", "PayrollJSON-Test\PayrollJSON-Test.csproj", "{309FCFBD-8343-4EBD-A0BE-56B6CE8E0755}"
EndProject
Global
	GlobalSection(SolutionConfigurationPlatforms) = preSolution
		Debug|Any CPU = Debug|Any CPU
		Release|Any CPU = Release|Any CPU
	EndGlobalSection
	GlobalSection(ProjectConfigurationPlatforms) = postSolution
		{309FCFBD-8343-4EBD-A0BE-56B6CE8E0755}.Debug|Any CPU.ActiveCfg = Debug|Any CPU
		{309FCFBD-8343-4EBD-A0BE-56B6CE8E0755}.Debug|Any CPU.Build.0 = Debug|Any CPU
		{309FCFBD-8343-4EBD-A0BE-56B6CE8E0755}.Release|Any CPU.ActiveCfg = Release|Any CPU
		{309FCFBD-8343-4EBD-A0BE-56B6CE8E0755}.Release|Any CPU.Build.0 = Release|Any CPU
	EndGlobalSection
	GlobalSection(SolutionProperties) = preSolution
		HideSolutionNode = FALSE
	EndGlobalSection
	GlobalSection(ExtensibilityGlobals) = postSolution
		SolutionGuid = {5CD72A51-17FC-46A8-AE03-40C8541F379D}
	EndGlobalSection
EndGlobal
